
Microsoft Visual Studio Solution File, Format Version 12.00
# Visual Studio 2012
Project("{FAE04EC0-301F-11D3-BF4B-00C04F79EFBC}") = "XmlFormatter", "XmlFormatter\XmlFormatter.csproj", "{970CDD24-7B30-464E-A25F-EFD12A997D2C}"
EndProject
Project("{FAE04EC0-301F-11D3-BF4B-00C04F79EFBC}") = "XmlFormatter.Tests", "XmlFormatter.Tests\XmlFormatter.Tests.csproj", "{315123AB-B558-4E45-8D93-993D57099C19}"
EndProject
Global
	GlobalSection(SolutionConfigurationPlatforms) = preSolution
		Debug|Any CPU = Debug|Any CPU
		Release|Any CPU = Release|Any CPU
	EndGlobalSection
	GlobalSection(ProjectConfigurationPlatforms) = postSolution
		{970CDD24-7B30-464E-A25F-EFD12A997D2C}.Debug|Any CPU.ActiveCfg = Debug|Any CPU
		{970CDD24-7B30-464E-A25F-EFD12A997D2C}.Debug|Any CPU.Build.0 = Debug|Any CPU
		{970CDD24-7B30-464E-A25F-EFD12A997D2C}.Release|Any CPU.ActiveCfg = Release|Any CPU
		{970CDD24-7B30-464E-A25F-EFD12A997D2C}.Release|Any CPU.Build.0 = Release|Any CPU
		{315123AB-B558-4E45-8D93-993D57099C19}.Debug|Any CPU.ActiveCfg = Debug|Any CPU
		{315123AB-B558-4E45-8D93-993D57099C19}.Debug|Any CPU.Build.0 = Debug|Any CPU
		{315123AB-B558-4E45-8D93-993D57099C19}.Release|Any CPU.ActiveCfg = Release|Any CPU
		{315123AB-B558-4E45-8D93-993D57099C19}.Release|Any CPU.Build.0 = Release|Any CPU
	EndGlobalSection
	GlobalSection(SolutionProperties) = preSolution
		HideSolutionNode = FALSE
	EndGlobalSection
EndGlobal
